
Microsoft Visual Studio Solution File, Format Version 12.00
# Visual Studio Version 17
VisualStudioVersion = 17.8.34316.72
MinimumVisualStudioVersion = 10.0.40219.1
Project("{FAE04EC0-301F-11D3-BF4B-00C04F79EFBC}") = "DataAccess", "DataAccess\DataAccess.csproj", "{DF536EB2-A7A4-46B4-B245-20644749B4A0}"
EndProject
Project("{FAE04EC0-301F-11D3-BF4B-00C04F79EFBC}") = "Business", "Business\Business.csproj", "{AE62D1D5-373A-427F-BA53-548F6D06D7BA}"
EndProject
Project("{FAE04EC0-301F-11D3-BF4B-00C04F79EFBC}") = "Entities", "Entities\Entities.csproj", "{0244CB22-0D5E-4DE4-98EA-8C884A030188}"
EndProject
Project("{FAE04EC0-301F-11D3-BF4B-00C04F79EFBC}") = "ConsoleUI", "ConsoleUI\ConsoleUI.csproj", "{D9A15280-538F-447B-A45C-C8B514ED9D94}"
EndProject
Global
	GlobalSection(SolutionConfigurationPlatforms) = preSolution
		Debug|Any CPU = Debug|Any CPU
		Release|Any CPU = Release|Any CPU
	EndGlobalSection
	GlobalSection(ProjectConfigurationPlatforms) = postSolution
		{DF536EB2-A7A4-46B4-B245-20644749B4A0}.Debug|Any CPU.ActiveCfg = Debug|Any CPU
		{DF536EB2-A7A4-46B4-B245-20644749B4A0}.Debug|Any CPU.Build.0 = Debug|Any CPU
		{DF536EB2-A7A4-46B4-B245-20644749B4A0}.Release|Any CPU.ActiveCfg = Release|Any CPU
		{DF536EB2-A7A4-46B4-B245-20644749B4A0}.Release|Any CPU.Build.0 = Release|Any CPU
		{AE62D1D5-373A-427F-BA53-548F6D06D7BA}.Debug|Any CPU.ActiveCfg = Debug|Any CPU
		{AE62D1D5-373A-427F-BA53-548F6D06D7BA}.Debug|Any CPU.Build.0 = Debug|Any CPU
		{AE62D1D5-373A-427F-BA53-548F6D06D7BA}.Release|Any CPU.ActiveCfg = Release|Any CPU
		{AE62D1D5-373A-427F-BA53-548F6D06D7BA}.Release|Any CPU.Build.0 = Release|Any CPU
		{0244CB22-0D5E-4DE4-98EA-8C884A030188}.Debug|Any CPU.ActiveCfg = Debug|Any CPU
		{0244CB22-0D5E-4DE4-98EA-8C884A030188}.Debug|Any CPU.Build.0 = Debug|Any CPU
		{0244CB22-0D5E-4DE4-98EA-8C884A030188}.Release|Any CPU.ActiveCfg = Release|Any CPU
		{0244CB22-0D5E-4DE4-98EA-8C884A030188}.Release|Any CPU.Build.0 = Release|Any CPU
		{D9A15280-538F-447B-A45C-C8B514ED9D94}.Debug|Any CPU.ActiveCfg = Debug|Any CPU
		{D9A15280-538F-447B-A45C-C8B514ED9D94}.Debug|Any CPU.Build.0 = Debug|Any CPU
		{D9A15280-538F-447B-A45C-C8B514ED9D94}.Release|Any CPU.ActiveCfg = Release|Any CPU
		{D9A15280-538F-447B-A45C-C8B514ED9D94}.Release|Any CPU.Build.0 = Release|Any CPU
	EndGlobalSection
	GlobalSection(SolutionProperties) = preSolution
		HideSolutionNode = FALSE
	EndGlobalSection
	GlobalSection(ExtensibilityGlobals) = postSolution
		SolutionGuid = {0AB22BD8-D670-4C80-B911-0AC2AA757269}
	EndGlobalSection
EndGlobal
